{
  "name": "pg-subscription-stream",
  "version": "0.1.0",
  "lockfileVersion": 1,
  "requires": true,
  "dependencies": {
    "obuf": {
      "version": "1.1.2",
      "resolved": "https://registry.npmjs.org/obuf/-/obuf-1.1.2.tgz",
      "integrity": "sha512-PX1wu0AmAdPqOL1mWhqmlOd8kOIZQwGZw6rh7uby9fTc5lhaOWFLX3I6R1hrF9k3zUY40e6igsLGkDXK92LJNg=="
    },
    "pg-copy-streams": {
      "version": "git+https://github.com/brianc/node-pg-copy-streams.git#73bcd4e559610e3931bfc36baa905bfa0e99a774",
      "from": "git+https://github.com/brianc/node-pg-copy-streams.git",
      "requires": {
        "obuf": "^1.1.2"
      }
    }
  }
}
